{
  "name": "unity-movement-sync-server",
  "version": "1.0.0",
  "lockfileVersion": 1,
  "requires": true,
  "dependencies": {
    "colors": {
      "version": "1.4.0",
      "resolved": "https://registry.npmjs.org/colors/-/colors-1.4.0.tgz",
      "integrity": "sha512-a+UqTh4kgZg/SlGvfbzDHpgRu7AAQOmmqRHJnxhRZICKFUT91brVhNNt58CMWU9PsBbv3PDCZUHbVxuDiH2mtA=="
    },
    "sand-socket": {
      "version": "0.3.1",
      "resolved": "https://registry.npmjs.org/sand-socket/-/sand-socket-0.3.1.tgz",
      "integrity": "sha512-VC4WIW3S0jp3T9hMMdW6PrmGY/8itVuJCH/ELwpNQNKrCb9LRSOj5YgeML4RYKh7vkfBpPt6X92AhAZgE4GCYA==",
      "requires": {
        "colors": "^1.4.0",
        "uuid": "^8.1.0"
      }
    },
    "uuid": {
      "version": "8.1.0",
      "resolved": "https://registry.npmjs.org/uuid/-/uuid-8.1.0.tgz",
      "integrity": "sha512-CI18flHDznR0lq54xBycOVmphdCYnQLKn8abKn7PXUiKUGdEd+/l9LWNJmugXel4hXq7S+RMNl34ecyC9TntWg=="
    }
  }
}
